
Microsoft Visual Studio Solution File, Format Version 12.00
# Visual Studio Version 16
VisualStudioVersion = 16.0.30104.148
MinimumVisualStudioVersion = 10.0.40219.1
Project("{FAE04EC0-301F-11D3-BF4B-00C04F79EFBC}") = "Master_WPF", "Master_WPF.csproj", "{FB4102C0-7FC6-42B0-B516-6583CEDCC867}"
EndProject
Global
	GlobalSection(SolutionConfigurationPlatforms) = preSolution
		Debug|Any CPU = Debug|Any CPU
		Release|Any CPU = Release|Any CPU
	EndGlobalSection
	GlobalSection(ProjectConfigurationPlatforms) = postSolution
		{FB4102C0-7FC6-42B0-B516-6583CEDCC867}.Debug|Any CPU.ActiveCfg = Debug|Any CPU
		{FB4102C0-7FC6-42B0-B516-6583CEDCC867}.Debug|Any CPU.Build.0 = Debug|Any CPU
		{FB4102C0-7FC6-42B0-B516-6583CEDCC867}.Release|Any CPU.ActiveCfg = Release|Any CPU
		{FB4102C0-7FC6-42B0-B516-6583CEDCC867}.Release|Any CPU.Build.0 = Release|Any CPU
	EndGlobalSection
	GlobalSection(SolutionProperties) = preSolution
		HideSolutionNode = FALSE
	EndGlobalSection
	GlobalSection(ExtensibilityGlobals) = postSolution
		SolutionGuid = {6CD0BB40-E1CA-4098-936D-943918439E54}
	EndGlobalSection
EndGlobal
